
Microsoft Visual Studio Solution File, Format Version 12.00
# Visual Studio 11
Project("{FAE04EC0-301F-11D3-BF4B-00C04F79EFBC}") = "Calculator", "Calculator.csproj", "{490C6226-DAD6-44D8-B3FD-780678E197FE}"
EndProject
Project("{2150E333-8FDC-42A3-9474-1A3956D46DE8}") = "Solution Items", "Solution Items", "{648291EB-3C57-4C7D-89D3-F3CFBD7E9815}"
	ProjectSection(SolutionItems) = preProject
		Readme.html = Readme.html
	EndProjectSection
EndProject
Project("{FAE04EC0-301F-11D3-BF4B-00C04F79EFBC}") = "Tests", "..\Tests\Tests.csproj", "{BBE157CC-AC5F-48CD-A5BF-F06FB74FC708}"
EndProject
Global
	GlobalSection(SolutionConfigurationPlatforms) = preSolution
		Debug|Any CPU = Debug|Any CPU
		Release|Any CPU = Release|Any CPU
	EndGlobalSection
	GlobalSection(ProjectConfigurationPlatforms) = postSolution
		{490C6226-DAD6-44D8-B3FD-780678E197FE}.Debug|Any CPU.ActiveCfg = Debug|Any CPU
		{490C6226-DAD6-44D8-B3FD-780678E197FE}.Debug|Any CPU.Build.0 = Debug|Any CPU
		{490C6226-DAD6-44D8-B3FD-780678E197FE}.Release|Any CPU.ActiveCfg = Release|Any CPU
		{490C6226-DAD6-44D8-B3FD-780678E197FE}.Release|Any CPU.Build.0 = Release|Any CPU
		{BBE157CC-AC5F-48CD-A5BF-F06FB74FC708}.Debug|Any CPU.ActiveCfg = Debug|Any CPU
		{BBE157CC-AC5F-48CD-A5BF-F06FB74FC708}.Debug|Any CPU.Build.0 = Debug|Any CPU
		{BBE157CC-AC5F-48CD-A5BF-F06FB74FC708}.Release|Any CPU.ActiveCfg = Release|Any CPU
		{BBE157CC-AC5F-48CD-A5BF-F06FB74FC708}.Release|Any CPU.Build.0 = Release|Any CPU
	EndGlobalSection
	GlobalSection(SolutionProperties) = preSolution
		HideSolutionNode = FALSE
	EndGlobalSection
EndGlobal
